
Microsoft Visual Studio Solution File, Format Version 12.00
# Visual Studio Version 17
VisualStudioVersion = 17.10.34928.147
MinimumVisualStudioVersion = 10.0.40219.1
Project("{FAE04EC0-301F-11D3-BF4B-00C04F79EFBC}") = "injilioorohvispro", "injilioorohvispro\injilioorohvispro.csproj", "{C83A786D-5F30-4216-8460-391696B1B0B9}"
EndProject
Global
	GlobalSection(SolutionConfigurationPlatforms) = preSolution
		Debug|Any CPU = Debug|Any CPU
		Release|Any CPU = Release|Any CPU
	EndGlobalSection
	GlobalSection(ProjectConfigurationPlatforms) = postSolution
		{C83A786D-5F30-4216-8460-391696B1B0B9}.Debug|Any CPU.ActiveCfg = Debug|Any CPU
		{C83A786D-5F30-4216-8460-391696B1B0B9}.Debug|Any CPU.Build.0 = Debug|Any CPU
		{C83A786D-5F30-4216-8460-391696B1B0B9}.Release|Any CPU.ActiveCfg = Release|Any CPU
		{C83A786D-5F30-4216-8460-391696B1B0B9}.Release|Any CPU.Build.0 = Release|Any CPU
	EndGlobalSection
	GlobalSection(SolutionProperties) = preSolution
		HideSolutionNode = FALSE
	EndGlobalSection
	GlobalSection(ExtensibilityGlobals) = postSolution
		SolutionGuid = {9C212FD3-11BC-49DA-9E4A-00E210FFB155}
	EndGlobalSection
EndGlobal
